
Microsoft Visual Studio Solution File, Format Version 12.00
# Visual Studio Version 16
VisualStudioVersion = 16.0.29613.14
MinimumVisualStudioVersion = 10.0.40219.1
Project("{FAE04EC0-301F-11D3-BF4B-00C04F79EFBC}") = "Vashdom_Project", "Vashdom_Project\Vashdom_Project.csproj", "{F751FD21-BF8B-4B5D-B68B-97A754407BFF}"
EndProject
Global
	GlobalSection(SolutionConfigurationPlatforms) = preSolution
		Debug|Any CPU = Debug|Any CPU
		Release|Any CPU = Release|Any CPU
	EndGlobalSection
	GlobalSection(ProjectConfigurationPlatforms) = postSolution
		{F751FD21-BF8B-4B5D-B68B-97A754407BFF}.Debug|Any CPU.ActiveCfg = Debug|Any CPU
		{F751FD21-BF8B-4B5D-B68B-97A754407BFF}.Debug|Any CPU.Build.0 = Debug|Any CPU
		{F751FD21-BF8B-4B5D-B68B-97A754407BFF}.Release|Any CPU.ActiveCfg = Release|Any CPU
		{F751FD21-BF8B-4B5D-B68B-97A754407BFF}.Release|Any CPU.Build.0 = Release|Any CPU
	EndGlobalSection
	GlobalSection(SolutionProperties) = preSolution
		HideSolutionNode = FALSE
	EndGlobalSection
	GlobalSection(ExtensibilityGlobals) = postSolution
		SolutionGuid = {0E8720FF-2A6D-46BB-BB90-34824D3FDCDB}
	EndGlobalSection
EndGlobal
